
Microsoft Visual Studio Solution File, Format Version 12.00
# Visual Studio Version 17
VisualStudioVersion = 17.11.35327.3
MinimumVisualStudioVersion = 10.0.40219.1
Project("{FAE04EC0-301F-11D3-BF4B-00C04F79EFBC}") = "Ado.Net+Dapper", "Ado.Net+Dapper.csproj", "{E8CECFC0-CF87-4854-9330-AEF4C881BCC7}"
EndProject
Global
	GlobalSection(SolutionConfigurationPlatforms) = preSolution
		Debug|Any CPU = Debug|Any CPU
		Release|Any CPU = Release|Any CPU
	EndGlobalSection
	GlobalSection(ProjectConfigurationPlatforms) = postSolution
		{E8CECFC0-CF87-4854-9330-AEF4C881BCC7}.Debug|Any CPU.ActiveCfg = Debug|Any CPU
		{E8CECFC0-CF87-4854-9330-AEF4C881BCC7}.Debug|Any CPU.Build.0 = Debug|Any CPU
		{E8CECFC0-CF87-4854-9330-AEF4C881BCC7}.Release|Any CPU.ActiveCfg = Release|Any CPU
		{E8CECFC0-CF87-4854-9330-AEF4C881BCC7}.Release|Any CPU.Build.0 = Release|Any CPU
	EndGlobalSection
	GlobalSection(SolutionProperties) = preSolution
		HideSolutionNode = FALSE
	EndGlobalSection
	GlobalSection(ExtensibilityGlobals) = postSolution
		SolutionGuid = {F4DF13C3-6B56-40DD-9130-2885115E03C2}
	EndGlobalSection
EndGlobal
